
Microsoft Visual Studio Solution File, Format Version 12.00
# Visual Studio 14
VisualStudioVersion = 14.0.25420.1
MinimumVisualStudioVersion = 10.0.40219.1
Project("{2150E333-8FDC-42A3-9474-1A3956D46DE8}") = "src", "src", "{4AD37E29-3F27-48E3-962C-00D37E6E6DF1}"
EndProject
Project("{2150E333-8FDC-42A3-9474-1A3956D46DE8}") = "sample", "sample", "{1C7326A4-0277-4171-B9D5-6E1599CF3709}"
EndProject
Project("{FAE04EC0-301F-11D3-BF4B-00C04F79EFBC}") = "sample", "..\sample\sample\sample.csproj", "{8CF1BDC9-7B27-4014-9C82-84A76D9D9E9B}"
EndProject
Project("{FAE04EC0-301F-11D3-BF4B-00C04F79EFBC}") = "LyDbLib", "..\src\LyDbLib\LyDbLib.csproj", "{93DFE893-A211-49F5-813B-97CCF9B5C14F}"
EndProject
Global
	GlobalSection(SolutionConfigurationPlatforms) = preSolution
		Debug|Any CPU = Debug|Any CPU
		Release|Any CPU = Release|Any CPU
	EndGlobalSection
	GlobalSection(ProjectConfigurationPlatforms) = postSolution
		{8CF1BDC9-7B27-4014-9C82-84A76D9D9E9B}.Debug|Any CPU.ActiveCfg = Debug|Any CPU
		{8CF1BDC9-7B27-4014-9C82-84A76D9D9E9B}.Debug|Any CPU.Build.0 = Debug|Any CPU
		{8CF1BDC9-7B27-4014-9C82-84A76D9D9E9B}.Release|Any CPU.ActiveCfg = Release|Any CPU
		{8CF1BDC9-7B27-4014-9C82-84A76D9D9E9B}.Release|Any CPU.Build.0 = Release|Any CPU
		{93DFE893-A211-49F5-813B-97CCF9B5C14F}.Debug|Any CPU.ActiveCfg = Debug|Any CPU
		{93DFE893-A211-49F5-813B-97CCF9B5C14F}.Debug|Any CPU.Build.0 = Debug|Any CPU
		{93DFE893-A211-49F5-813B-97CCF9B5C14F}.Release|Any CPU.ActiveCfg = Release|Any CPU
		{93DFE893-A211-49F5-813B-97CCF9B5C14F}.Release|Any CPU.Build.0 = Release|Any CPU
	EndGlobalSection
	GlobalSection(SolutionProperties) = preSolution
		HideSolutionNode = FALSE
	EndGlobalSection
	GlobalSection(NestedProjects) = preSolution
		{8CF1BDC9-7B27-4014-9C82-84A76D9D9E9B} = {1C7326A4-0277-4171-B9D5-6E1599CF3709}
		{93DFE893-A211-49F5-813B-97CCF9B5C14F} = {4AD37E29-3F27-48E3-962C-00D37E6E6DF1}
	EndGlobalSection
EndGlobal
